
Microsoft Visual Studio Solution File, Format Version 12.00
# Visual Studio Version 17
VisualStudioVersion = 17.10.34928.147
MinimumVisualStudioVersion = 10.0.40219.1
Project("{9A19103F-16F7-4668-BE54-9A1E7A4F7556}") = "Menu", "Menu.csproj", "{D36015F8-2C90-48A8-B883-C9AF04033182}"
EndProject
Project("{2150E333-8FDC-42A3-9474-1A3956D46DE8}") = "API", "API", "{4E6C1626-2DC1-48E6-8935-4FE7D0BFB009}"
EndProject
Project("{2150E333-8FDC-42A3-9474-1A3956D46DE8}") = "Documentation", "Documentation", "{AD6FC675-DAB6-428B-A443-3DB24F3D595B}"
	ProjectSection(SolutionItems) = preProject
		Documentation\codeLinks.txt = Documentation\codeLinks.txt
		Documentation\SQL DB.sql = Documentation\SQL DB.sql
	EndProjectSection
EndProject
Global
	GlobalSection(SolutionConfigurationPlatforms) = preSolution
		Debug|Any CPU = Debug|Any CPU
		Release|Any CPU = Release|Any CPU
	EndGlobalSection
	GlobalSection(ProjectConfigurationPlatforms) = postSolution
		{D36015F8-2C90-48A8-B883-C9AF04033182}.Debug|Any CPU.ActiveCfg = Debug|Any CPU
		{D36015F8-2C90-48A8-B883-C9AF04033182}.Debug|Any CPU.Build.0 = Debug|Any CPU
		{D36015F8-2C90-48A8-B883-C9AF04033182}.Release|Any CPU.ActiveCfg = Release|Any CPU
		{D36015F8-2C90-48A8-B883-C9AF04033182}.Release|Any CPU.Build.0 = Release|Any CPU
	EndGlobalSection
	GlobalSection(SolutionProperties) = preSolution
		HideSolutionNode = FALSE
	EndGlobalSection
	GlobalSection(NestedProjects) = preSolution
		{D36015F8-2C90-48A8-B883-C9AF04033182} = {4E6C1626-2DC1-48E6-8935-4FE7D0BFB009}
	EndGlobalSection
	GlobalSection(ExtensibilityGlobals) = postSolution
		SolutionGuid = {20A7FA10-7315-4B96-ABDC-0CE6AC5C4203}
	EndGlobalSection
EndGlobal
